{
  "name": "epii-boot-project",
  "version": "1.0.0",
  "lockfileVersion": 1,
  "requires": true,
  "dependencies": {
    "@types/node": {
      "version": "20.7.0",
      "resolved": "https://registry.npmjs.org/@types/node/-/node-20.7.0.tgz",
      "integrity": "sha512-zI22/pJW2wUZOVyguFaUL1HABdmSVxpXrzIqkjsHmyUjNhPoWM1CKfvVuXfetHhIok4RY573cqS0mZ1SJEnoTg==",
      "dev": true
    },
    "boot-a": {
      "version": "1.0.0"
    },
    "boot-b": {
      "version": "1.0.0"
    },
    "epii-boot": {
      "version": "file:npms/epii-boot"
    },
    "epii-tiny-app": {
      "version": "1.1.2",
      "resolved": "https://registry.npmjs.org/epii-tiny-app/-/epii-tiny-app-1.1.2.tgz",
      "integrity": "sha512-Yue4ggMuT5g6PC52T6GqCBDFY1HzaPFWF41A9B5j7gcJG5Lm5OvPoOGJZJGimWOQCzt+uzFz+GncKE4veMB6kQ=="
    }
  }
}
