{
  "name": "epii-boot-project",
  "version": "1.0.0",
  "lockfileVersion": 1,
  "requires": true,
  "dependencies": {
    "@types/node": {
      "version": "20.7.0",
      "resolved": "https://registry.npmjs.org/@types/node/-/node-20.7.0.tgz",
      "integrity": "sha512-zI22/pJW2wUZOVyguFaUL1HABdmSVxpXrzIqkjsHmyUjNhPoWM1CKfvVuXfetHhIok4RY573cqS0mZ1SJEnoTg==",
      "dev": true
    },
    "boot-a": {
      "version": "file:test-boot-npm/boot-a"
    },
    "boot-b": {
      "version": "file:test-boot-npm/boot-b"
    },
    "boot-c": {
      "version": "file:test-boot-npm/boot-c"
    },
    "epii-boot": {
      "version": "file:npms/epii-boot"
    },
    "epii-read-config": {
      "version": "1.0.0",
      "resolved": "https://registry.npmjs.org/epii-read-config/-/epii-read-config-1.0.0.tgz",
      "integrity": "sha512-dvxxIXUdfxhb6dEXF4oruOdFBlI2EtTgAAPIlm9Rr8y5gWMKp5nwI7Zx1f+Ysyt82q/+7ST9zBQTEpcvGyBJxg=="
    },
    "shiyue": {
      "version": "1.0.0",
      "resolved": "https://registry.npmjs.org/shiyue/-/shiyue-1.0.0.tgz",
      "integrity": "sha512-mW3ipDyvAISKmsNkrwh/4g4XyvForfOMHep4LrW/GrPEFPI3R1nd4/FYFJyLWbLCc6944PJ78H70FYCLa9RsLw=="
    },
    "shiyue-boot": {
      "version": "1.0.1",
      "resolved": "https://registry.npmjs.org/shiyue-boot/-/shiyue-boot-1.0.1.tgz",
      "integrity": "sha512-4J1cWABVgzgzxgZHvH3D5Ghgf05LthAoPq+aBpYXlRhakD2TdQYWrtFgwBIg90jTsnLg3EzvhRLAgMFYE1Bp6A==",
      "requires": {
        "epii-boot": "^1.1.1",
        "epii-read-config": "^1.0.0",
        "shiyue": "^1.0.0"
      }
    }
  }
}
